
Microsoft Visual Studio Solution File, Format Version 12.00
# Visual Studio Version 16
VisualStudioVersion = 16.0.29123.89
MinimumVisualStudioVersion = 10.0.40219.1
Project("{FAE04EC0-301F-11D3-BF4B-00C04F79EFBC}") = "BlazorGenericEventIssue", "BlazorGenericEventIssue\BlazorGenericEventIssue.csproj", "{0372A1C6-5DE5-43DA-80A8-3F1CA8476287}"
EndProject
Global
	GlobalSection(SolutionConfigurationPlatforms) = preSolution
		Debug|Any CPU = Debug|Any CPU
		Release|Any CPU = Release|Any CPU
	EndGlobalSection
	GlobalSection(ProjectConfigurationPlatforms) = postSolution
		{0372A1C6-5DE5-43DA-80A8-3F1CA8476287}.Debug|Any CPU.ActiveCfg = Debug|Any CPU
		{0372A1C6-5DE5-43DA-80A8-3F1CA8476287}.Debug|Any CPU.Build.0 = Debug|Any CPU
		{0372A1C6-5DE5-43DA-80A8-3F1CA8476287}.Release|Any CPU.ActiveCfg = Release|Any CPU
		{0372A1C6-5DE5-43DA-80A8-3F1CA8476287}.Release|Any CPU.Build.0 = Release|Any CPU
	EndGlobalSection
	GlobalSection(SolutionProperties) = preSolution
		HideSolutionNode = FALSE
	EndGlobalSection
	GlobalSection(ExtensibilityGlobals) = postSolution
		SolutionGuid = {D6D91980-BC45-4C18-B893-47564021A51A}
	EndGlobalSection
EndGlobal
